
Microsoft Visual Studio Solution File, Format Version 12.00
# Visual Studio Version 17
VisualStudioVersion = 17.6.33723.286
MinimumVisualStudioVersion = 10.0.40219.1
Project("{FAE04EC0-301F-11D3-BF4B-00C04F79EFBC}") = "ConsoleApp1", "ConsoleApp1.csproj", "{9C2EFF0B-0719-43CE-8870-435628853621}"
EndProject
Global
	GlobalSection(SolutionConfigurationPlatforms) = preSolution
		Debug|Any CPU = Debug|Any CPU
		Release|Any CPU = Release|Any CPU
	EndGlobalSection
	GlobalSection(ProjectConfigurationPlatforms) = postSolution
		{9C2EFF0B-0719-43CE-8870-435628853621}.Debug|Any CPU.ActiveCfg = Debug|Any CPU
		{9C2EFF0B-0719-43CE-8870-435628853621}.Debug|Any CPU.Build.0 = Debug|Any CPU
		{9C2EFF0B-0719-43CE-8870-435628853621}.Release|Any CPU.ActiveCfg = Release|Any CPU
		{9C2EFF0B-0719-43CE-8870-435628853621}.Release|Any CPU.Build.0 = Release|Any CPU
	EndGlobalSection
	GlobalSection(SolutionProperties) = preSolution
		HideSolutionNode = FALSE
	EndGlobalSection
	GlobalSection(ExtensibilityGlobals) = postSolution
		SolutionGuid = {F006D886-9BC0-4383-8EC8-0E967A27E57A}
	EndGlobalSection
EndGlobal
